
Microsoft Visual Studio Solution File, Format Version 12.00
# Visual Studio 14
VisualStudioVersion = 14.0.25420.1
MinimumVisualStudioVersion = 10.0.40219.1
Project("{FAE04EC0-301F-11D3-BF4B-00C04F79EFBC}") = "HelloWorld001", "HelloWorld001\HelloWorld001.csproj", "{91968C64-8A8C-4046-BFEE-2E5D8CF4C7A1}"
EndProject
Project("{FAE04EC0-301F-11D3-BF4B-00C04F79EFBC}") = "DbProjectExample", "DbProjectExample\DbProjectExample.csproj", "{970EEF83-2360-4A9F-8B1F-AA4F0F9AA51D}"
EndProject
Project("{FAE04EC0-301F-11D3-BF4B-00C04F79EFBC}") = "DbProjectExample.Tests", "DbProjectExample.Tests\DbProjectExample.Tests.csproj", "{3D8DD0E7-B005-4B5C-80AD-BAFFC7D0C874}"
EndProject
Global
	GlobalSection(SolutionConfigurationPlatforms) = preSolution
		Debug|Any CPU = Debug|Any CPU
		Release|Any CPU = Release|Any CPU
	EndGlobalSection
	GlobalSection(ProjectConfigurationPlatforms) = postSolution
		{91968C64-8A8C-4046-BFEE-2E5D8CF4C7A1}.Debug|Any CPU.ActiveCfg = Debug|Any CPU
		{91968C64-8A8C-4046-BFEE-2E5D8CF4C7A1}.Debug|Any CPU.Build.0 = Debug|Any CPU
		{91968C64-8A8C-4046-BFEE-2E5D8CF4C7A1}.Release|Any CPU.ActiveCfg = Release|Any CPU
		{91968C64-8A8C-4046-BFEE-2E5D8CF4C7A1}.Release|Any CPU.Build.0 = Release|Any CPU
		{970EEF83-2360-4A9F-8B1F-AA4F0F9AA51D}.Debug|Any CPU.ActiveCfg = Debug|Any CPU
		{970EEF83-2360-4A9F-8B1F-AA4F0F9AA51D}.Debug|Any CPU.Build.0 = Debug|Any CPU
		{970EEF83-2360-4A9F-8B1F-AA4F0F9AA51D}.Release|Any CPU.ActiveCfg = Release|Any CPU
		{970EEF83-2360-4A9F-8B1F-AA4F0F9AA51D}.Release|Any CPU.Build.0 = Release|Any CPU
		{3D8DD0E7-B005-4B5C-80AD-BAFFC7D0C874}.Debug|Any CPU.ActiveCfg = Debug|Any CPU
		{3D8DD0E7-B005-4B5C-80AD-BAFFC7D0C874}.Debug|Any CPU.Build.0 = Debug|Any CPU
		{3D8DD0E7-B005-4B5C-80AD-BAFFC7D0C874}.Release|Any CPU.ActiveCfg = Release|Any CPU
		{3D8DD0E7-B005-4B5C-80AD-BAFFC7D0C874}.Release|Any CPU.Build.0 = Release|Any CPU
	EndGlobalSection
	GlobalSection(SolutionProperties) = preSolution
		HideSolutionNode = FALSE
	EndGlobalSection
EndGlobal
